
Microsoft Visual Studio Solution File, Format Version 12.00
# Visual Studio Version 17
VisualStudioVersion = 17.0.31611.283
MinimumVisualStudioVersion = 10.0.40219.1
Project("{9A19103F-16F7-4668-BE54-9A1E7A4F7556}") = "BibliotecaMAUI", "BibliotecaMAUI\BibliotecaMAUI.csproj", "{8E22483F-7C2E-4531-AC4C-CDE5233107E7}"
EndProject
Project("{FAE04EC0-301F-11D3-BF4B-00C04F79EFBC}") = "BibliotecaMAUIMySQL.Data", "BibliotecaMAUIMySQL.Data\BibliotecaMAUIMySQL.Data.csproj", "{F5F04EA6-2E1B-4924-B24C-43490E2241CD}"
EndProject
Project("{FAE04EC0-301F-11D3-BF4B-00C04F79EFBC}") = "BibliotecaMAUIMySQL.Model", "BibliotecaMAUIMySQL.Model\BibliotecaMAUIMySQL.Model.csproj", "{874E9C8E-9BF6-45F4-982F-185F2042D045}"
EndProject
Global
	GlobalSection(SolutionConfigurationPlatforms) = preSolution
		Debug|Any CPU = Debug|Any CPU
		Release|Any CPU = Release|Any CPU
	EndGlobalSection
	GlobalSection(ProjectConfigurationPlatforms) = postSolution
		{8E22483F-7C2E-4531-AC4C-CDE5233107E7}.Debug|Any CPU.ActiveCfg = Debug|Any CPU
		{8E22483F-7C2E-4531-AC4C-CDE5233107E7}.Debug|Any CPU.Build.0 = Debug|Any CPU
		{8E22483F-7C2E-4531-AC4C-CDE5233107E7}.Debug|Any CPU.Deploy.0 = Debug|Any CPU
		{8E22483F-7C2E-4531-AC4C-CDE5233107E7}.Release|Any CPU.ActiveCfg = Release|Any CPU
		{8E22483F-7C2E-4531-AC4C-CDE5233107E7}.Release|Any CPU.Build.0 = Release|Any CPU
		{8E22483F-7C2E-4531-AC4C-CDE5233107E7}.Release|Any CPU.Deploy.0 = Release|Any CPU
		{F5F04EA6-2E1B-4924-B24C-43490E2241CD}.Debug|Any CPU.ActiveCfg = Debug|Any CPU
		{F5F04EA6-2E1B-4924-B24C-43490E2241CD}.Debug|Any CPU.Build.0 = Debug|Any CPU
		{F5F04EA6-2E1B-4924-B24C-43490E2241CD}.Release|Any CPU.ActiveCfg = Release|Any CPU
		{F5F04EA6-2E1B-4924-B24C-43490E2241CD}.Release|Any CPU.Build.0 = Release|Any CPU
		{874E9C8E-9BF6-45F4-982F-185F2042D045}.Debug|Any CPU.ActiveCfg = Debug|Any CPU
		{874E9C8E-9BF6-45F4-982F-185F2042D045}.Debug|Any CPU.Build.0 = Debug|Any CPU
		{874E9C8E-9BF6-45F4-982F-185F2042D045}.Release|Any CPU.ActiveCfg = Release|Any CPU
		{874E9C8E-9BF6-45F4-982F-185F2042D045}.Release|Any CPU.Build.0 = Release|Any CPU
	EndGlobalSection
	GlobalSection(SolutionProperties) = preSolution
		HideSolutionNode = FALSE
	EndGlobalSection
	GlobalSection(ExtensibilityGlobals) = postSolution
		SolutionGuid = {61F7FB11-1E47-470C-91E2-47F8143E1572}
	EndGlobalSection
EndGlobal
